
Microsoft Visual Studio Solution File, Format Version 12.00
# Visual Studio 15
VisualStudioVersion = 15.0.27703.2035
MinimumVisualStudioVersion = 10.0.40219.1
Project("{8BC9CEB8-8B4A-11D0-8D11-00A0C91BC942}") = "ATmegaCAN", "ATmegaCAN\ATmegaCAN.vcxitems", "{E625CAF2-6F82-4F90-A3A1-0A4DBE60F925}"
EndProject
Project("{FAE04EC0-301F-11D3-BF4B-00C04F79EFBC}") = "BaseBackground", "BaseBackground\BaseBackground.csproj", "{E44D2FB5-9837-460B-9BF3-7FAE62365D40}"
EndProject
Project("{FAE04EC0-301F-11D3-BF4B-00C04F79EFBC}") = "BasePortal", "BasePortal\BasePortal.csproj", "{1511B671-717B-4D6B-8C77-083B19F121CE}"
EndProject
Project("{FAE04EC0-301F-11D3-BF4B-00C04F79EFBC}") = "BaseFrontend", "BaseFrontend\BaseFrontend.csproj", "{96BE8A0D-9012-4FAE-8426-F8DFF4244BB4}"
EndProject
Project("{2150E333-8FDC-42A3-9474-1A3956D46DE8}") = "Base", "Base", "{2AEB34CB-0547-472A-9988-9E44A38859D9}"
EndProject
Project("{2150E333-8FDC-42A3-9474-1A3956D46DE8}") = "RPi", "RPi", "{98B3B90F-656A-4066-8E07-60E17352979D}"
EndProject
Project("{2150E333-8FDC-42A3-9474-1A3956D46DE8}") = "ATmega", "ATmega", "{7C518BE3-7D3E-420F-A8A9-4EF3C786B5EF}"
EndProject
Project("{2150E333-8FDC-42A3-9474-1A3956D46DE8}") = "lib", "lib", "{642C5698-1151-4C26-B83A-9C9ECE9A0F10}"
EndProject
Project("{2150E333-8FDC-42A3-9474-1A3956D46DE8}") = "Driver", "Driver", "{12D9A586-0167-4304-AF8D-32F924BB51F1}"
EndProject
Global
	GlobalSection(SolutionConfigurationPlatforms) = preSolution
		Debug|Any CPU = Debug|Any CPU
		Debug|ARM = Debug|ARM
		Debug|x64 = Debug|x64
		Debug|x86 = Debug|x86
		Release|Any CPU = Release|Any CPU
		Release|ARM = Release|ARM
		Release|x64 = Release|x64
		Release|x86 = Release|x86
	EndGlobalSection
	GlobalSection(ProjectConfigurationPlatforms) = postSolution
		{E44D2FB5-9837-460B-9BF3-7FAE62365D40}.Debug|Any CPU.ActiveCfg = Debug|x86
		{E44D2FB5-9837-460B-9BF3-7FAE62365D40}.Debug|ARM.ActiveCfg = Debug|ARM
		{E44D2FB5-9837-460B-9BF3-7FAE62365D40}.Debug|ARM.Build.0 = Debug|ARM
		{E44D2FB5-9837-460B-9BF3-7FAE62365D40}.Debug|ARM.Deploy.0 = Debug|ARM
		{E44D2FB5-9837-460B-9BF3-7FAE62365D40}.Debug|x64.ActiveCfg = Debug|x64
		{E44D2FB5-9837-460B-9BF3-7FAE62365D40}.Debug|x64.Build.0 = Debug|x64
		{E44D2FB5-9837-460B-9BF3-7FAE62365D40}.Debug|x64.Deploy.0 = Debug|x64
		{E44D2FB5-9837-460B-9BF3-7FAE62365D40}.Debug|x86.ActiveCfg = Debug|x86
		{E44D2FB5-9837-460B-9BF3-7FAE62365D40}.Debug|x86.Build.0 = Debug|x86
		{E44D2FB5-9837-460B-9BF3-7FAE62365D40}.Debug|x86.Deploy.0 = Debug|x86
		{E44D2FB5-9837-460B-9BF3-7FAE62365D40}.Release|Any CPU.ActiveCfg = Release|x86
		{E44D2FB5-9837-460B-9BF3-7FAE62365D40}.Release|ARM.ActiveCfg = Release|ARM
		{E44D2FB5-9837-460B-9BF3-7FAE62365D40}.Release|ARM.Build.0 = Release|ARM
		{E44D2FB5-9837-460B-9BF3-7FAE62365D40}.Release|ARM.Deploy.0 = Release|ARM
		{E44D2FB5-9837-460B-9BF3-7FAE62365D40}.Release|x64.ActiveCfg = Release|x64
		{E44D2FB5-9837-460B-9BF3-7FAE62365D40}.Release|x64.Build.0 = Release|x64
		{E44D2FB5-9837-460B-9BF3-7FAE62365D40}.Release|x64.Deploy.0 = Release|x64
		{E44D2FB5-9837-460B-9BF3-7FAE62365D40}.Release|x86.ActiveCfg = Release|x86
		{E44D2FB5-9837-460B-9BF3-7FAE62365D40}.Release|x86.Build.0 = Release|x86
		{E44D2FB5-9837-460B-9BF3-7FAE62365D40}.Release|x86.Deploy.0 = Release|x86
		{1511B671-717B-4D6B-8C77-083B19F121CE}.Debug|Any CPU.ActiveCfg = Debug|x86
		{1511B671-717B-4D6B-8C77-083B19F121CE}.Debug|ARM.ActiveCfg = Debug|ARM
		{1511B671-717B-4D6B-8C77-083B19F121CE}.Debug|ARM.Build.0 = Debug|ARM
		{1511B671-717B-4D6B-8C77-083B19F121CE}.Debug|ARM.Deploy.0 = Debug|ARM
		{1511B671-717B-4D6B-8C77-083B19F121CE}.Debug|x64.ActiveCfg = Debug|x64
		{1511B671-717B-4D6B-8C77-083B19F121CE}.Debug|x64.Build.0 = Debug|x64
		{1511B671-717B-4D6B-8C77-083B19F121CE}.Debug|x64.Deploy.0 = Debug|x64
		{1511B671-717B-4D6B-8C77-083B19F121CE}.Debug|x86.ActiveCfg = Debug|x86
		{1511B671-717B-4D6B-8C77-083B19F121CE}.Debug|x86.Build.0 = Debug|x86
		{1511B671-717B-4D6B-8C77-083B19F121CE}.Debug|x86.Deploy.0 = Debug|x86
		{1511B671-717B-4D6B-8C77-083B19F121CE}.Release|Any CPU.ActiveCfg = Release|x86
		{1511B671-717B-4D6B-8C77-083B19F121CE}.Release|ARM.ActiveCfg = Release|ARM
		{1511B671-717B-4D6B-8C77-083B19F121CE}.Release|ARM.Build.0 = Release|ARM
		{1511B671-717B-4D6B-8C77-083B19F121CE}.Release|ARM.Deploy.0 = Release|ARM
		{1511B671-717B-4D6B-8C77-083B19F121CE}.Release|x64.ActiveCfg = Release|x64
		{1511B671-717B-4D6B-8C77-083B19F121CE}.Release|x64.Build.0 = Release|x64
		{1511B671-717B-4D6B-8C77-083B19F121CE}.Release|x64.Deploy.0 = Release|x64
		{1511B671-717B-4D6B-8C77-083B19F121CE}.Release|x86.ActiveCfg = Release|x86
		{1511B671-717B-4D6B-8C77-083B19F121CE}.Release|x86.Build.0 = Release|x86
		{1511B671-717B-4D6B-8C77-083B19F121CE}.Release|x86.Deploy.0 = Release|x86
		{96BE8A0D-9012-4FAE-8426-F8DFF4244BB4}.Debug|Any CPU.ActiveCfg = Debug|x86
		{96BE8A0D-9012-4FAE-8426-F8DFF4244BB4}.Debug|ARM.ActiveCfg = Debug|ARM
		{96BE8A0D-9012-4FAE-8426-F8DFF4244BB4}.Debug|ARM.Build.0 = Debug|ARM
		{96BE8A0D-9012-4FAE-8426-F8DFF4244BB4}.Debug|ARM.Deploy.0 = Debug|ARM
		{96BE8A0D-9012-4FAE-8426-F8DFF4244BB4}.Debug|x64.ActiveCfg = Debug|x64
		{96BE8A0D-9012-4FAE-8426-F8DFF4244BB4}.Debug|x64.Build.0 = Debug|x64
		{96BE8A0D-9012-4FAE-8426-F8DFF4244BB4}.Debug|x64.Deploy.0 = Debug|x64
		{96BE8A0D-9012-4FAE-8426-F8DFF4244BB4}.Debug|x86.ActiveCfg = Debug|x86
		{96BE8A0D-9012-4FAE-8426-F8DFF4244BB4}.Debug|x86.Build.0 = Debug|x86
		{96BE8A0D-9012-4FAE-8426-F8DFF4244BB4}.Debug|x86.Deploy.0 = Debug|x86
		{96BE8A0D-9012-4FAE-8426-F8DFF4244BB4}.Release|Any CPU.ActiveCfg = Release|x86
		{96BE8A0D-9012-4FAE-8426-F8DFF4244BB4}.Release|ARM.ActiveCfg = Release|ARM
		{96BE8A0D-9012-4FAE-8426-F8DFF4244BB4}.Release|ARM.Build.0 = Release|ARM
		{96BE8A0D-9012-4FAE-8426-F8DFF4244BB4}.Release|ARM.Deploy.0 = Release|ARM
		{96BE8A0D-9012-4FAE-8426-F8DFF4244BB4}.Release|x64.ActiveCfg = Release|x64
		{96BE8A0D-9012-4FAE-8426-F8DFF4244BB4}.Release|x64.Build.0 = Release|x64
		{96BE8A0D-9012-4FAE-8426-F8DFF4244BB4}.Release|x64.Deploy.0 = Release|x64
		{96BE8A0D-9012-4FAE-8426-F8DFF4244BB4}.Release|x86.ActiveCfg = Release|x86
		{96BE8A0D-9012-4FAE-8426-F8DFF4244BB4}.Release|x86.Build.0 = Release|x86
		{96BE8A0D-9012-4FAE-8426-F8DFF4244BB4}.Release|x86.Deploy.0 = Release|x86
	EndGlobalSection
	GlobalSection(SolutionProperties) = preSolution
		HideSolutionNode = FALSE
	EndGlobalSection
	GlobalSection(NestedProjects) = preSolution
		{E625CAF2-6F82-4F90-A3A1-0A4DBE60F925} = {642C5698-1151-4C26-B83A-9C9ECE9A0F10}
		{E44D2FB5-9837-460B-9BF3-7FAE62365D40} = {2AEB34CB-0547-472A-9988-9E44A38859D9}
		{1511B671-717B-4D6B-8C77-083B19F121CE} = {2AEB34CB-0547-472A-9988-9E44A38859D9}
		{96BE8A0D-9012-4FAE-8426-F8DFF4244BB4} = {2AEB34CB-0547-472A-9988-9E44A38859D9}
		{2AEB34CB-0547-472A-9988-9E44A38859D9} = {98B3B90F-656A-4066-8E07-60E17352979D}
		{642C5698-1151-4C26-B83A-9C9ECE9A0F10} = {7C518BE3-7D3E-420F-A8A9-4EF3C786B5EF}
		{12D9A586-0167-4304-AF8D-32F924BB51F1} = {98B3B90F-656A-4066-8E07-60E17352979D}
	EndGlobalSection
	GlobalSection(ExtensibilityGlobals) = postSolution
		SolutionGuid = {0A02D902-9849-4482-9DA9-C18B73A3E2EE}
	EndGlobalSection
EndGlobal
